
Microsoft Visual Studio Solution File, Format Version 12.00
# Visual Studio Version 17
VisualStudioVersion = 17.10.34916.146
MinimumVisualStudioVersion = 10.0.40219.1
Project("{FAE04EC0-301F-11D3-BF4B-00C04F79EFBC}") = "proyect riojas final", "proyect riojas final\proyect riojas final.csproj", "{223AA3C6-0BE0-4900-A509-91B92A51CB1B}"
EndProject
Global
	GlobalSection(SolutionConfigurationPlatforms) = preSolution
		Debug|Any CPU = Debug|Any CPU
		Release|Any CPU = Release|Any CPU
	EndGlobalSection
	GlobalSection(ProjectConfigurationPlatforms) = postSolution
		{223AA3C6-0BE0-4900-A509-91B92A51CB1B}.Debug|Any CPU.ActiveCfg = Debug|Any CPU
		{223AA3C6-0BE0-4900-A509-91B92A51CB1B}.Debug|Any CPU.Build.0 = Debug|Any CPU
		{223AA3C6-0BE0-4900-A509-91B92A51CB1B}.Release|Any CPU.ActiveCfg = Release|Any CPU
		{223AA3C6-0BE0-4900-A509-91B92A51CB1B}.Release|Any CPU.Build.0 = Release|Any CPU
	EndGlobalSection
	GlobalSection(SolutionProperties) = preSolution
		HideSolutionNode = FALSE
	EndGlobalSection
	GlobalSection(ExtensibilityGlobals) = postSolution
		SolutionGuid = {70ABCB51-C1D3-4EF2-BC3A-639884769E82}
	EndGlobalSection
EndGlobal
